
Microsoft Visual Studio Solution File, Format Version 12.00
# Visual Studio Version 17
VisualStudioVersion = 17.8.34330.188
MinimumVisualStudioVersion = 10.0.40219.1
Project("{FAE04EC0-301F-11D3-BF4B-00C04F79EFBC}") = "Zadanie 4", "Zadanie 4.csproj", "{2342A52D-54D7-4E13-89CD-5A3EF520F3A4}"
EndProject
Global
	GlobalSection(SolutionConfigurationPlatforms) = preSolution
		Debug|Any CPU = Debug|Any CPU
		Release|Any CPU = Release|Any CPU
	EndGlobalSection
	GlobalSection(ProjectConfigurationPlatforms) = postSolution
		{2342A52D-54D7-4E13-89CD-5A3EF520F3A4}.Debug|Any CPU.ActiveCfg = Debug|Any CPU
		{2342A52D-54D7-4E13-89CD-5A3EF520F3A4}.Debug|Any CPU.Build.0 = Debug|Any CPU
		{2342A52D-54D7-4E13-89CD-5A3EF520F3A4}.Release|Any CPU.ActiveCfg = Release|Any CPU
		{2342A52D-54D7-4E13-89CD-5A3EF520F3A4}.Release|Any CPU.Build.0 = Release|Any CPU
	EndGlobalSection
	GlobalSection(SolutionProperties) = preSolution
		HideSolutionNode = FALSE
	EndGlobalSection
	GlobalSection(ExtensibilityGlobals) = postSolution
		SolutionGuid = {288B47D9-A50A-4C9C-96A7-9A4982AB3F9B}
	EndGlobalSection
EndGlobal
